
Microsoft Visual Studio Solution File, Format Version 12.00
Project("{FAE04EC0-301F-11D3-BF4B-00C04F79EFBC}") = "LabsApp", "LabsApp\LabsApp.csproj", "{FF1D35FD-49BB-4B94-93D8-DEC5D44D1458}"
EndProject
Global
	GlobalSection(SolutionConfigurationPlatforms) = preSolution
		Debug|Any CPU = Debug|Any CPU
		Release|Any CPU = Release|Any CPU
	EndGlobalSection
	GlobalSection(ProjectConfigurationPlatforms) = postSolution
		{FF1D35FD-49BB-4B94-93D8-DEC5D44D1458}.Debug|Any CPU.ActiveCfg = Debug|Any CPU
		{FF1D35FD-49BB-4B94-93D8-DEC5D44D1458}.Debug|Any CPU.Build.0 = Debug|Any CPU
		{FF1D35FD-49BB-4B94-93D8-DEC5D44D1458}.Release|Any CPU.ActiveCfg = Release|Any CPU
		{FF1D35FD-49BB-4B94-93D8-DEC5D44D1458}.Release|Any CPU.Build.0 = Release|Any CPU
	EndGlobalSection
EndGlobal
